PODS:
  - Alamofire (4.8.2)
  - CardIO (5.4.1)
  - IQKeyboardManagerSwift (5.0.0)
  - MessengerKit (1.0.4)
  - PayPal-iOS-SDK (2.18.1):
    - PayPal-iOS-SDK/CardIO (= 2.18.1)
    - PayPal-iOS-SDK/Core (= 2.18.1)
  - PayPal-iOS-SDK/CardIO (2.18.1):
    - CardIO (~> 5.4.1)
  - PayPal-iOS-SDK/Core (2.18.1)
  - Starscream (3.0.5)

DEPENDENCIES:
  - Alamofire
  - IQKeyboardManagerSwift (= 5.0.0)
  - MessengerKit (from `https://github.com/steve228uk/MessengerKit.git`)
  - PayPal-iOS-SDK
  - Starscream (<= 3.0.5)

SPEC REPOS:
  https://github.com/cocoapods/specs.git:
    - Alamofire
    - CardIO
    - IQKeyboardManagerSwift
    - PayPal-iOS-SDK
    - Starscream

EXTERNAL SOURCES:
  MessengerKit:
    :git: https://github.com/steve228uk/MessengerKit.git

CHECKOUT OPTIONS:
  MessengerKit:
    :commit: 6917ef22129d0e9cae417b796509158505eac4d1
    :git: https://github.com/steve228uk/MessengerKit.git

SPEC CHECKSUMS:
  Alamofire: ae5c501addb7afdbb13687d7f2f722c78734c2d3
  CardIO: 56983b39b62f495fc6dae9ad7cf875143df06443
  IQKeyboardManagerSwift: 3f340202ebe1a7076279b9b9b3c817243ddb3aab
  MessengerKit: f010a86c1c2f9db3be53b4077a65fcf02944bab1
  PayPal-iOS-SDK: 10654cd111e911a9807bddb96fae81aacb8e9915
  Starscream: faf918b2f2eff7d5dd21180646bf015a669673bd

PODFILE CHECKSUM: 3270e82e3eb5777329b6c531c0774480e92128a2

COCOAPODS: 1.6.1
